
Microsoft Visual Studio Solution File, Format Version 11.00
# Visual Studio 2010
Project("{FAE04EC0-301F-11D3-BF4B-00C04F79EFBC}") = "VDS.Common", "src/VDS.Common.csproj", "{9AE43256-4BDF-4C49-9260-C7C6ED8AD810}"
EndProject
Global
	GlobalSection(SolutionConfigurationPlatforms) = preSolution
		Debug|Any CPU = Debug|Any CPU
		Release|Any CPU = Release|Any CPU
	EndGlobalSection
	GlobalSection(ProjectConfigurationPlatforms) = postSolution
		{9AE43256-4BDF-4C49-9260-C7C6ED8AD810}.Debug|Any CPU.ActiveCfg = Debug|Any CPU
		{9AE43256-4BDF-4C49-9260-C7C6ED8AD810}.Debug|Any CPU.Build.0 = Debug|Any CPU
		{9AE43256-4BDF-4C49-9260-C7C6ED8AD810}.Release|Any CPU.ActiveCfg = Release|Any CPU
		{9AE43256-4BDF-4C49-9260-C7C6ED8AD810}.Release|Any CPU.Build.0 = Release|Any CPU
	EndGlobalSection
	GlobalSection(SolutionProperties) = preSolution
		HideSolutionNode = FALSE
	EndGlobalSection
EndGlobal
